// !$*UTF8*$!
{
	archiveVersion = 1;
	classes = {
	};
	objectVersion = 50;
	objects = {

/* Begin PBXBuildFile section */
		8C1E76A92487E4D000C17BFF /* MapView.swift in Sources */ = {isa = PBXBuildFile; fileRef = 8C1E76A82487E4D000C17BFF /* MapView.swift */; };
		8C7DFD9724891CD2004D3E15 /* MKPointAnnotation-ObservableObject.swift in Sources */ = {isa = PBXBuildFile; fileRef = 8C7DFD9624891CD2004D3E15 /* MKPointAnnotation-ObservableObject.swift */; };
		8C7DFD9924891E78004D3E15 /* EditView.swift in Sources */ = {isa = PBXBuildFile; fileRef = 8C7DFD9824891E78004D3E15 /* EditView.swift */; };
		8C7DFD9B2489211C004D3E15 /* Result.swift in Sources */ = {isa = PBXBuildFile; fileRef = 8C7DFD9A2489211C004D3E15 /* Result.swift */; };
		8C7DFD9D248941B9004D3E15 /* MKPointAnnotation-Codable.swift in Sources */ = {isa = PBXBuildFile; fileRef = 8C7DFD9C248941B9004D3E15 /* MKPointAnnotation-Codable.swift */; };
		8C878A662486A33F00028C47 /* AppDelegate.swift in Sources */ = {isa = PBXBuildFile; fileRef = 8C878A652486A33F00028C47 /* AppDelegate.swift */; };
		8C878A682486A33F00028C47 /* SceneDelegate.swift in Sources */ = {isa = PBXBuildFile; fileRef = 8C878A672486A33F00028C47 /* SceneDelegate.swift */; };
		8C878A6A2486A33F00028C47 /* ContentView.swift in Sources */ = {isa = PBXBuildFile; fileRef = 8C878A692486A33F00028C47 /* ContentView.swift */; };
		8C878A6C2486A34000028C47 /* Assets.xcassets in Resources */ = {isa = PBXBuildFile; fileRef = 8C878A6B2486A34000028C47 /* Assets.xcassets */; };
		8C878A6F2486A34000028C47 /* Preview Assets.xcassets in Resources */ = {isa = PBXBuildFile; fileRef = 8C878A6E2486A34000028C47 /* Preview Assets.xcassets */; };
		8C878A722486A34000028C47 /* LaunchScreen.storyboard in Resources */ = {isa = PBXBuildFile; fileRef = 8C878A702486A34000028C47 /* LaunchScreen.storyboard */; };
		8CDEB099248A63EB004C0921 /* MapScreenView.swift in Sources */ = {isa = PBXBuildFile; fileRef = 8CDEB098248A63EB004C0921 /* MapScreenView.swift */; };
/* End PBXBuildFile section */

/* Begin PBXFileReference section */
		8C1E76A82487E4D000C17BFF /* MapView.swift */ = {isa = PBXFileReference; lastKnownFileType = sourcecode.swift; path = MapView.swift; sourceTree = "<group>"; };
		8C7DFD9624891CD2004D3E15 /* MKPointAnnotation-ObservableObject.swift */ = {isa = PBXFileReference; lastKnownFileType = sourcecode.swift; path = "MKPointAnnotation-ObservableObject.swift"; sourceTree = "<group>"; };
		8C7DFD9824891E78004D3E15 /* EditView.swift */ = {isa = PBXFileReference; lastKnownFileType = sourcecode.swift; path = EditView.swift; sourceTree = "<group>"; };
		8C7DFD9A2489211C004D3E15 /* Result.swift */ = {isa = PBXFileReference; lastKnownFileType = sourcecode.swift; path = Result.swift; sourceTree = "<group>"; };
		8C7DFD9C248941B9004D3E15 /* MKPointAnnotation-Codable.swift */ = {isa = PBXFileReference; lastKnownFileType = sourcecode.swift; path = "MKPointAnnotation-Codable.swift"; sourceTree = "<group>"; };
		8C878A622486A33F00028C47 /* BucketList.app */ = {isa = PBXFileReference; explicitFileType = wrapper.application; includeInIndex = 0; path = BucketList.app; sourceTree = BUILT_PRODUCTS_DIR; };
		8C878A652486A33F00028C47 /* AppDelegate.swift */ = {isa = PBXFileReference; lastKnownFileType = sourcecode.swift; path = AppDelegate.swift; sourceTree = "<group>"; };
		8C878A672486A33F00028C47 /* SceneDelegate.swift */ = {isa = PBXFileReference; lastKnownFileType = sourcecode.swift; path = SceneDelegate.swift; sourceTree = "<group>"; };
		8C878A692486A33F00028C47 /* ContentView.swift */ = {isa = PBXFileReference; lastKnownFileType = sourcecode.swift; path = ContentView.swift; sourceTree = "<group>"; };
		8C878A6B2486A34000028C47 /* Assets.xcassets */ = {isa = PBXFileReference; lastKnownFileType = folder.assetcatalog; path = Assets.xcassets; sourceTree = "<group>"; };
		8C878A6E2486A34000028C47 /* Preview Assets.xcassets */ = {isa = PBXFileReference; lastKnownFileType = folder.assetcatalog; path = "Preview Assets.xcassets"; sourceTree = "<group>"; };
		8C878A712486A34000028C47 /* Base */ = {isa = PBXFileReference; lastKnownFileType = file.storyboard; name = Base; path = Base.lproj/LaunchScreen.storyboard; sourceTree = "<group>"; };
		8C878A732486A34000028C47 /* Info.plist */ = {isa = PBXFileReference; lastKnownFileType = text.plist.xml; path = Info.plist; sourceTree = "<group>"; };
		8CDEB098248A63EB004C0921 /* MapScreenView.swift */ = {isa = PBXFileReference; lastKnownFileType = sourcecode.swift; path = MapScreenView.swift; sourceTree = "<group>"; };
/* End PBXFileReference section */

/* Begin PBXFrameworksBuildPhase section */
		8C878A5F2486A33F00028C47 /* Frameworks */ = {
			isa = PBXFrameworksBuildPhase;
			buildActionMask = 2147483647;
			files = (
			);
			runOnlyForDeploymentPostprocessing = 0;
		};
/* End PBXFrameworksBuildPhase section */

/* Begin PBXGroup section */
		8C878A592486A33F00028C47 = {
			isa = PBXGroup;
			children = (
				8C878A642486A33F00028C47 /* BucketList */,
				8C878A632486A33F00028C47 /* Products */,
			);
			sourceTree = "<group>";
		};
		8C878A632486A33F00028C47 /* Products */ = {
			isa = PBXGroup;
			children = (
				8C878A622486A33F00028C47 /* BucketList.app */,
			);
			name = Products;
			sourceTree = "<group>";
		};
		8C878A642486A33F00028C47 /* BucketList */ = {
			isa = PBXGroup;
			children = (
				8C878A652486A33F00028C47 /* AppDelegate.swift */,
				8C878A672486A33F00028C47 /* SceneDelegate.swift */,
				8C878A692486A33F00028C47 /* ContentView.swift */,
				8CDEB098248A63EB004C0921 /* MapScreenView.swift */,
				8C878A6B2486A34000028C47 /* Assets.xcassets */,
				8C878A702486A34000028C47 /* LaunchScreen.storyboard */,
				8C878A732486A34000028C47 /* Info.plist */,
				8C878A6D2486A34000028C47 /* Preview Content */,
				8C1E76A82487E4D000C17BFF /* MapView.swift */,
				8C7DFD9624891CD2004D3E15 /* MKPointAnnotation-ObservableObject.swift */,
				8C7DFD9A2489211C004D3E15 /* Result.swift */,
				8C7DFD9824891E78004D3E15 /* EditView.swift */,
				8C7DFD9C248941B9004D3E15 /* MKPointAnnotation-Codable.swift */,
			);
			path = BucketList;
			sourceTree = "<group>";
		};
		8C878A6D2486A34000028C47 /* Preview Content */ = {
			isa = PBXGroup;
			children = (
				8C878A6E2486A34000028C47 /* Preview Assets.xcassets */,
			);
			path = "Preview Content";
			sourceTree = "<group>";
		};
/* End PBXGroup section */

/* Begin PBXNativeTarget section */
		8C878A612486A33F00028C47 /* BucketList */ = {
			isa = PBXNativeTarget;
			buildConfigurationList = 8C878A762486A34000028C47 /* Build configuration list for PBXNativeTarget "BucketList" */;
			buildPhases = (
				8C878A5E2486A33F00028C47 /* Sources */,
				8C878A5F2486A33F00028C47 /* Frameworks */,
				8C878A602486A33F00028C47 /* Resources */,
			);
			buildRules = (
			);
			dependencies = (
			);
			name = BucketList;
			productName = BucketList;
			productReference = 8C878A622486A33F00028C47 /* BucketList.app */;
			productType = "com.apple.product-type.application";
		};
/* End PBXNativeTarget section */

/* Begin PBXProject section */
		8C878A5A2486A33F00028C47 /* Project object */ = {
			isa = PBXProject;
			attributes = {
				LastSwiftUpdateCheck = 1150;
				LastUpgradeCheck = 1150;
				ORGANIZATIONNAME = "Cathal Farrell";
				TargetAttributes = {
					8C878A612486A33F00028C47 = {
						CreatedOnToolsVersion = 11.5;
					};
				};
			};
			buildConfigurationList = 8C878A5D2486A33F00028C47 /* Build configuration list for PBXProject "BucketList" */;
			compatibilityVersion = "Xcode 9.3";
			developmentRegion = en;
			hasScannedForEncodings = 0;
			knownRegions = (
				en,
				Base,
			);
			mainGroup = 8C878A592486A33F00028C47;
			productRefGroup = 8C878A632486A33F00028C47 /* Products */;
			projectDirPath = "";
			projectRoot = "";
			targets = (
				8C878A612486A33F00028C47 /* BucketList */,
			);
		};
/* End PBXProject section */

/* Begin PBXResourcesBuildPhase section */
		8C878A602486A33F00028C47 /* Resources */ = {
			isa = PBXResourcesBuildPhase;
			buildActionMask = 2147483647;
			files = (
				8C878A722486A34000028C47 /* LaunchScreen.storyboard in Resources */,
				8C878A6F2486A34000028C47 /* Preview Assets.xcassets in Resources */,
				8C878A6C2486A34000028C47 /* Assets.xcassets in Resources */,
			);
			runOnlyForDeploymentPostprocessing = 0;
		};
/* End PBXResourcesBuildPhase section */

/* Begin PBXSourcesBuildPhase section */
		8C878A5E2486A33F00028C47 /* Sources */ = {
			isa = PBXSourcesBuildPhase;
			buildActionMask = 2147483647;
			files = (
				8C878A662486A33F00028C47 /* AppDelegate.swift in Sources */,
				8C1E76A92487E4D000C17BFF /* MapView.swift in Sources */,
				8C7DFD9924891E78004D3E15 /* EditView.swift in Sources */,
				8C878A682486A33F00028C47 /* SceneDelegate.swift in Sources */,
				8C7DFD9B2489211C004D3E15 /* Result.swift in Sources */,
				8C7DFD9724891CD2004D3E15 /* MKPointAnnotation-ObservableObject.swift in Sources */,
				8CDEB099248A63EB004C0921 /* MapScreenView.swift in Sources */,
				8C7DFD9D248941B9004D3E15 /* MKPointAnnotation-Codable.swift in Sources */,
				8C878A6A2486A33F00028C47 /* ContentView.swift in Sources */,
			);
			runOnlyForDeploymentPostprocessing = 0;
		};
/* End PBXSourcesBuildPhase section */

/* Begin PBXVariantGroup section */
		8C878A702486A34000028C47 /* LaunchScreen.storyboard */ = {
			isa = PBXVariantGroup;
			children = (
				8C878A712486A34000028C47 /* Base */,
			);
			name = LaunchScreen.storyboard;
			sourceTree = "<group>";
		};
/* End PBXVariantGroup section */

/* Begin XCBuildConfiguration section */
		8C878A742486A34000028C47 /* Debug */ = {
			isa = XCBuildConfiguration;
			buildSettings = {
				ALWAYS_SEARCH_USER_PATHS = NO;
				CLANG_ANALYZER_NONNULL = YES;
				CLANG_ANALYZER_NUMBER_OBJECT_CONVERSION = YES_AGGRESSIVE;
				CLANG_CXX_LANGUAGE_STANDARD = "gnu++14";
				CLANG_CXX_LIBRARY = "libc++";
				CLANG_ENABLE_MODULES = YES;
				CLANG_ENABLE_OBJC_ARC = YES;
				CLANG_ENABLE_OBJC_WEAK = YES;
				CLANG_WARN_BLOCK_CAPTURE_AUTORELEASING = YES;
				CLANG_WARN_BOOL_CONVERSION = YES;
				CLANG_WARN_COMMA = YES;
				CLANG_WARN_CONSTANT_CONVERSION = YES;
				CLANG_WARN_DEPRECATED_OBJC_IMPLEMENTATIONS = YES;
				CLANG_WARN_DIRECT_OBJC_ISA_USAGE = YES_ERROR;
				CLANG_WARN_DOCUMENTATION_COMMENTS = YES;
				CLANG_WARN_EMPTY_BODY = YES;
				CLANG_WARN_ENUM_CONVERSION = YES;
				CLANG_WARN_INFINITE_RECURSION = YES;
				CLANG_WARN_INT_CONVERSION = YES;
				CLANG_WARN_NON_LITERAL_NULL_CONVERSION = YES;
				CLANG_WARN_OBJC_IMPLICIT_RETAIN_SELF = YES;
				CLANG_WARN_OBJC_LITERAL_CONVERSION = YES;
				CLANG_WARN_OBJC_ROOT_CLASS = YES_ERROR;
				CLANG_WARN_RANGE_LOOP_ANALYSIS = YES;
				CLANG_WARN_STRICT_PROTOTYPES = YES;
				CLANG_WARN_SUSPICIOUS_MOVE = YES;
				CLANG_WARN_UNGUARDED_AVAILABILITY = YES_AGGRESSIVE;
				CLANG_WARN_UNREACHABLE_CODE = YES;
				CLANG_WARN__DUPLICATE_METHOD_MATCH = YES;
				COPY_PHASE_STRIP = NO;
				DEBUG_INFORMATION_FORMAT = dwarf;
				ENABLE_STRICT_OBJC_MSGSEND = YES;
				ENABLE_TESTABILITY = YES;
				GCC_C_LANGUAGE_STANDARD = gnu11;
				GCC_DYNAMIC_NO_PIC = NO;
				GCC_NO_COMMON_BLOCKS = YES;
				GCC_OPTIMIZATION_LEVEL = 0;
				GCC_PREPROCESSOR_DEFINITIONS = (
					"DEBUG=1",
					"$(inherited)",
				);
				GCC_WARN_64_TO_32_BIT_CONVERSION = YES;
				GCC_WARN_ABOUT_RETURN_TYPE = YES_ERROR;
				GCC_WARN_UNDECLARED_SELECTOR = YES;
				GCC_WARN_UNINITIALIZED_AUTOS = YES_AGGRESSIVE;
				GCC_WARN_UNUSED_FUNCTION = YES;
				GCC_WARN_UNUSED_VARIABLE = YES;
				IPHONEOS_DEPLOYMENT_TARGET = 13.5;
				MTL_ENABLE_DEBUG_INFO = INCLUDE_SOURCE;
				MTL_FAST_MATH = YES;
				ONLY_ACTIVE_ARCH = YES;
				SDKROOT = iphoneos;
				SWIFT_ACTIVE_COMPILATION_CONDITIONS = DEBUG;
				SWIFT_OPTIMIZATION_LEVEL = "-Onone";
			};
			name = Debug;
		};
		8C878A752486A34000028C47 /* Release */ = {
			isa = XCBuildConfiguration;
			buildSettings = {
				ALWAYS_SEARCH_USER_PATHS = NO;
				CLANG_ANALYZER_NONNULL = YES;
				CLANG_ANALYZER_NUMBER_OBJECT_CONVERSION = YES_AGGRESSIVE;
				CLANG_CXX_LANGUAGE_STANDARD = "gnu++14";
				CLANG_CXX_LIBRARY = "libc++";
				CLANG_ENABLE_MODULES = YES;
				CLANG_ENABLE_OBJC_ARC = YES;
				CLANG_ENABLE_OBJC_WEAK = YES;
				CLANG_WARN_BLOCK_CAPTURE_AUTORELEASING = YES;
				CLANG_WARN_BOOL_CONVERSION = YES;
				CLANG_WARN_COMMA = YES;
				CLANG_WARN_CONSTANT_CONVERSION = YES;
				CLANG_WARN_DEPRECATED_OBJC_IMPLEMENTATIONS = YES;
				CLANG_WARN_DIRECT_OBJC_ISA_USAGE = YES_ERROR;
				CLANG_WARN_DOCUMENTATION_COMMENTS = YES;
				CLANG_WARN_EMPTY_BODY = YES;
				CLANG_WARN_ENUM_CONVERSION = YES;
				CLANG_WARN_INFINITE_RECURSION = YES;
				CLANG_WARN_INT_CONVERSION = YES;
				CLANG_WARN_NON_LITERAL_NULL_CONVERSION = YES;
				CLANG_WARN_OBJC_IMPLICIT_RETAIN_SELF = YES;
				CLANG_WARN_OBJC_LITERAL_CONVERSION = YES;
				CLANG_WARN_OBJC_ROOT_CLASS = YES_ERROR;
				CLANG_WARN_RANGE_LOOP_ANALYSIS = YES;
				CLANG_WARN_STRICT_PROTOTYPES = YES;
				CLANG_WARN_SUSPICIOUS_MOVE = YES;
				CLANG_WARN_UNGUARDED_AVAILABILITY = YES_AGGRESSIVE;
				CLANG_WARN_UNREACHABLE_CODE = YES;
				CLANG_WARN__DUPLICATE_METHOD_MATCH = YES;
				COPY_PHASE_STRIP = NO;
				DEBUG_INFORMATION_FORMAT = "dwarf-with-dsym";
				ENABLE_NS_ASSERTIONS = NO;
				ENABLE_STRICT_OBJC_MSGSEND = YES;
				GCC_C_LANGUAGE_STANDARD = gnu11;
				GCC_NO_COMMON_BLOCKS = YES;
				GCC_WARN_64_TO_32_BIT_CONVERSION = YES;
				GCC_WARN_ABOUT_RETURN_TYPE = YES_ERROR;
				GCC_WARN_UNDECLARED_SELECTOR = YES;
				GCC_WARN_UNINITIALIZED_AUTOS = YES_AGGRESSIVE;
				GCC_WARN_UNUSED_FUNCTION = YES;
				GCC_WARN_UNUSED_VARIABLE = YES;
				IPHONEOS_DEPLOYMENT_TARGET = 13.5;
				MTL_ENABLE_DEBUG_INFO = NO;
				MTL_FAST_MATH = YES;
				SDKROOT = iphoneos;
				SWIFT_COMPILATION_MODE = wholemodule;
				SWIFT_OPTIMIZATION_LEVEL = "-O";
				VALIDATE_PRODUCT = YES;
			};
			name = Release;
		};
		8C878A772486A34000028C47 /* Debug */ = {
			isa = XCBuildConfiguration;
			buildSettings = {
				ASSETCATALOG_COMPILER_APPICON_NAME = AppIcon;
				CODE_SIGN_STYLE = Automatic;
				DEVELOPMENT_ASSET_PATHS = "\"BucketList/Preview Content\"";
				DEVELOPMENT_TEAM = 6SGA66BV7F;
				ENABLE_PREVIEWS = YES;
				INFOPLIST_FILE = BucketList/Info.plist;
				LD_RUNPATH_SEARCH_PATHS = (
					"$(inherited)",
					"@executable_path/Frameworks",
				);
				PRODUCT_BUNDLE_IDENTIFIER = com.cathalfarrell.BucketList;
				PRODUCT_NAME = "$(TARGET_NAME)";
				SWIFT_VERSION = 5.0;
				TARGETED_DEVICE_FAMILY = "1,2";
			};
			name = Debug;
		};
		8C878A782486A34000028C47 /* Release */ = {
			isa = XCBuildConfiguration;
			buildSettings = {
				ASSETCATALOG_COMPILER_APPICON_NAME = AppIcon;
				CODE_SIGN_STYLE = Automatic;
				DEVELOPMENT_ASSET_PATHS = "\"BucketList/Preview Content\"";
				DEVELOPMENT_TEAM = 6SGA66BV7F;
				ENABLE_PREVIEWS = YES;
				INFOPLIST_FILE = BucketList/Info.plist;
				LD_RUNPATH_SEARCH_PATHS = (
					"$(inherited)",
					"@executable_path/Frameworks",
				);
				PRODUCT_BUNDLE_IDENTIFIER = com.cathalfarrell.BucketList;
				PRODUCT_NAME = "$(TARGET_NAME)";
				SWIFT_VERSION = 5.0;
				TARGETED_DEVICE_FAMILY = "1,2";
			};
			name = Release;
		};
/* End XCBuildConfiguration section */

/* Begin XCConfigurationList section */
		8C878A5D2486A33F00028C47 /* Build configuration list for PBXProject "BucketList" */ = {
			isa = XCConfigurationList;
			buildConfigurations = (
				8C878A742486A34000028C47 /* Debug */,
				8C878A752486A34000028C47 /* Release */,
			);
			defaultConfigurationIsVisible = 0;
			defaultConfigurationName = Release;
		};
		8C878A762486A34000028C47 /* Build configuration list for PBXNativeTarget "BucketList" */ = {
			isa = XCConfigurationList;
			buildConfigurations = (
				8C878A772486A34000028C47 /* Debug */,
				8C878A782486A34000028C47 /* Release */,
			);
			defaultConfigurationIsVisible = 0;
			defaultConfigurationName = Release;
		};
/* End XCConfigurationList section */
	};
	rootObject = 8C878A5A2486A33F00028C47 /* Project object */;
}
